// !$*UTF8*$!
{
	archiveVersion = 1;
	classes = {
	};
	objectVersion = 50;
	objects = {

/* Begin PBXBuildFile section */
		A2438F1C2452392A0029C2C8 /* AppDelegate.swift in Sources */ = {isa = PBXBuildFile; fileRef = A2438F1B2452392A0029C2C8 /* AppDelegate.swift */; };
		A2438F1E2452392A0029C2C8 /* SceneDelegate.swift in Sources */ = {isa = PBXBuildFile; fileRef = A2438F1D2452392A0029C2C8 /* SceneDelegate.swift */; };
		A2438F202452392A0029C2C8 /* MasterViewController.swift in Sources */ = {isa = PBXBuildFile; fileRef = A2438F1F2452392A0029C2C8 /* MasterViewController.swift */; };
		A2438F222452392A0029C2C8 /* DetailViewController.swift in Sources */ = {isa = PBXBuildFile; fileRef = A2438F212452392A0029C2C8 /* DetailViewController.swift */; };
		A2438F252452392A0029C2C8 /* Main.storyboard in Resources */ = {isa = PBXBuildFile; fileRef = A2438F232452392A0029C2C8 /* Main.storyboard */; };
		A2438F272452392B0029C2C8 /* Assets.xcassets in Resources */ = {isa = PBXBuildFile; fileRef = A2438F262452392B0029C2C8 /* Assets.xcassets */; };
		A2438F2A2452392B0029C2C8 /* LaunchScreen.storyboard in Resources */ = {isa = PBXBuildFile; fileRef = A2438F282452392B0029C2C8 /* LaunchScreen.storyboard */; };
		A2438F39245244630029C2C8 /* KeyCollectionViewCell.swift in Sources */ = {isa = PBXBuildFile; fileRef = A2438F38245244630029C2C8 /* KeyCollectionViewCell.swift */; };
		A2438F3B2452453E0029C2C8 /* KeyboardCollectionViewLayout.swift in Sources */ = {isa = PBXBuildFile; fileRef = A2438F3A2452453E0029C2C8 /* KeyboardCollectionViewLayout.swift */; };
		A2700BF62452659100DA41C7 /* KeyboardRater.swift in Sources */ = {isa = PBXBuildFile; fileRef = A2700BF52452659100DA41C7 /* KeyboardRater.swift */; };
		A2700BF92452699300DA41C7 /* BigramParser.swift in Sources */ = {isa = PBXBuildFile; fileRef = A2700BF82452699300DA41C7 /* BigramParser.swift */; };
		A2700BFB2452706900DA41C7 /* BigramFrequencies.swift in Sources */ = {isa = PBXBuildFile; fileRef = A2700BFA2452706900DA41C7 /* BigramFrequencies.swift */; };
		A2700BFD24528E1E00DA41C7 /* KeyboardViewControllerDelegate.swift in Sources */ = {isa = PBXBuildFile; fileRef = A2700BFC24528E1E00DA41C7 /* KeyboardViewControllerDelegate.swift */; };
		A2700C0024528F9500DA41C7 /* Annealed.swift in Sources */ = {isa = PBXBuildFile; fileRef = A2700BFF24528F9500DA41C7 /* Annealed.swift */; };
		A2700C042452A59700DA41C7 /* AnnealedDelegate.swift in Sources */ = {isa = PBXBuildFile; fileRef = A2700C032452A59700DA41C7 /* AnnealedDelegate.swift */; };
		A2700C062452B53500DA41C7 /* ViewController+UIAlertController.swift in Sources */ = {isa = PBXBuildFile; fileRef = A2700C052452B53500DA41C7 /* ViewController+UIAlertController.swift */; };
		A27F037D24579C7D000EA802 /* uml in Resources */ = {isa = PBXBuildFile; fileRef = A27F037C24579C7D000EA802 /* uml */; };
		A2982AC124525AC80077C8F7 /* Keyboard.swift in Sources */ = {isa = PBXBuildFile; fileRef = A2982AC024525AC80077C8F7 /* Keyboard.swift */; };
		A2982AC324525B790077C8F7 /* Grid.swift in Sources */ = {isa = PBXBuildFile; fileRef = A2982AC224525B790077C8F7 /* Grid.swift */; };
/* End PBXBuildFile section */

/* Begin PBXFileReference section */
		A2438F182452392A0029C2C8 /* MetaKeyboard.app */ = {isa = PBXFileReference; explicitFileType = wrapper.application; includeInIndex = 0; path = MetaKeyboard.app; sourceTree = BUILT_PRODUCTS_DIR; };
		A2438F1B2452392A0029C2C8 /* AppDelegate.swift */ = {isa = PBXFileReference; lastKnownFileType = sourcecode.swift; path = AppDelegate.swift; sourceTree = "<group>"; };
		A2438F1D2452392A0029C2C8 /* SceneDelegate.swift */ = {isa = PBXFileReference; lastKnownFileType = sourcecode.swift; path = SceneDelegate.swift; sourceTree = "<group>"; };
		A2438F1F2452392A0029C2C8 /* MasterViewController.swift */ = {isa = PBXFileReference; lastKnownFileType = sourcecode.swift; path = MasterViewController.swift; sourceTree = "<group>"; };
		A2438F212452392A0029C2C8 /* DetailViewController.swift */ = {isa = PBXFileReference; lastKnownFileType = sourcecode.swift; path = DetailViewController.swift; sourceTree = "<group>"; };
		A2438F242452392A0029C2C8 /* Base */ = {isa = PBXFileReference; lastKnownFileType = file.storyboard; name = Base; path = Base.lproj/Main.storyboard; sourceTree = "<group>"; };
		A2438F262452392B0029C2C8 /* Assets.xcassets */ = {isa = PBXFileReference; lastKnownFileType = folder.assetcatalog; path = Assets.xcassets; sourceTree = "<group>"; };
		A2438F292452392B0029C2C8 /* Base */ = {isa = PBXFileReference; lastKnownFileType = file.storyboard; name = Base; path = Base.lproj/LaunchScreen.storyboard; sourceTree = "<group>"; };
		A2438F2B2452392B0029C2C8 /* Info.plist */ = {isa = PBXFileReference; lastKnownFileType = text.plist.xml; path = Info.plist; sourceTree = "<group>"; };
		A2438F31245239360029C2C8 /* MetaKeyboard.entitlements */ = {isa = PBXFileReference; lastKnownFileType = text.plist.entitlements; path = MetaKeyboard.entitlements; sourceTree = "<group>"; };
		A2438F38245244630029C2C8 /* KeyCollectionViewCell.swift */ = {isa = PBXFileReference; lastKnownFileType = sourcecode.swift; path = KeyCollectionViewCell.swift; sourceTree = "<group>"; };
		A2438F3A2452453E0029C2C8 /* KeyboardCollectionViewLayout.swift */ = {isa = PBXFileReference; lastKnownFileType = sourcecode.swift; path = KeyboardCollectionViewLayout.swift; sourceTree = "<group>"; };
		A2700BF42452645C00DA41C7 /* README.md */ = {isa = PBXFileReference; lastKnownFileType = net.daringfireball.markdown; path = README.md; sourceTree = "<group>"; };
		A2700BF52452659100DA41C7 /* KeyboardRater.swift */ = {isa = PBXFileReference; lastKnownFileType = sourcecode.swift; path = KeyboardRater.swift; sourceTree = "<group>"; };
		A2700BF82452699300DA41C7 /* BigramParser.swift */ = {isa = PBXFileReference; lastKnownFileType = sourcecode.swift; path = BigramParser.swift; sourceTree = "<group>"; };
		A2700BFA2452706900DA41C7 /* BigramFrequencies.swift */ = {isa = PBXFileReference; lastKnownFileType = sourcecode.swift; path = BigramFrequencies.swift; sourceTree = "<group>"; };
		A2700BFC24528E1E00DA41C7 /* KeyboardViewControllerDelegate.swift */ = {isa = PBXFileReference; lastKnownFileType = sourcecode.swift; path = KeyboardViewControllerDelegate.swift; sourceTree = "<group>"; };
		A2700BFF24528F9500DA41C7 /* Annealed.swift */ = {isa = PBXFileReference; lastKnownFileType = sourcecode.swift; path = Annealed.swift; sourceTree = "<group>"; };
		A2700C032452A59700DA41C7 /* AnnealedDelegate.swift */ = {isa = PBXFileReference; lastKnownFileType = sourcecode.swift; path = AnnealedDelegate.swift; sourceTree = "<group>"; };
		A2700C052452B53500DA41C7 /* ViewController+UIAlertController.swift */ = {isa = PBXFileReference; lastKnownFileType = sourcecode.swift; path = "ViewController+UIAlertController.swift"; sourceTree = "<group>"; };
		A27F037C24579C7D000EA802 /* uml */ = {isa = PBXFileReference; fileEncoding = 4; lastKnownFileType = text; path = uml; sourceTree = "<group>"; };
		A2982AC024525AC80077C8F7 /* Keyboard.swift */ = {isa = PBXFileReference; lastKnownFileType = sourcecode.swift; path = Keyboard.swift; sourceTree = "<group>"; };
		A2982AC224525B790077C8F7 /* Grid.swift */ = {isa = PBXFileReference; lastKnownFileType = sourcecode.swift; path = Grid.swift; sourceTree = "<group>"; };
/* End PBXFileReference section */

/* Begin PBXFrameworksBuildPhase section */
		A2438F152452392A0029C2C8 /* Frameworks */ = {
			isa = PBXFrameworksBuildPhase;
			buildActionMask = 2147483647;
			files = (
			);
			runOnlyForDeploymentPostprocessing = 0;
		};
/* End PBXFrameworksBuildPhase section */

/* Begin PBXGroup section */
		A2438F0F2452392A0029C2C8 = {
			isa = PBXGroup;
			children = (
				A2438F1A2452392A0029C2C8 /* MetaKeyboard */,
				A2438F192452392A0029C2C8 /* Products */,
			);
			sourceTree = "<group>";
		};
		A2438F192452392A0029C2C8 /* Products */ = {
			isa = PBXGroup;
			children = (
				A2438F182452392A0029C2C8 /* MetaKeyboard.app */,
			);
			name = Products;
			sourceTree = "<group>";
		};
		A2438F1A2452392A0029C2C8 /* MetaKeyboard */ = {
			isa = PBXGroup;
			children = (
				A2438F31245239360029C2C8 /* MetaKeyboard.entitlements */,
				A2438F2B2452392B0029C2C8 /* Info.plist */,
				A2438F262452392B0029C2C8 /* Assets.xcassets */,
				A2438F32245243990029C2C8 /* View */,
				A2438F34245243D80029C2C8 /* Misc */,
				A2438F35245243F50029C2C8 /* Controller */,
				A2438F36245244000029C2C8 /* Model */,
				A2700BF42452645C00DA41C7 /* README.md */,
				A27F037C24579C7D000EA802 /* uml */,
			);
			path = MetaKeyboard;
			sourceTree = "<group>";
		};
		A2438F32245243990029C2C8 /* View */ = {
			isa = PBXGroup;
			children = (
				A2438F232452392A0029C2C8 /* Main.storyboard */,
				A2438F282452392B0029C2C8 /* LaunchScreen.storyboard */,
			);
			path = View;
			sourceTree = "<group>";
		};
		A2438F34245243D80029C2C8 /* Misc */ = {
			isa = PBXGroup;
			children = (
				A2438F1B2452392A0029C2C8 /* AppDelegate.swift */,
				A2438F1D2452392A0029C2C8 /* SceneDelegate.swift */,
			);
			path = Misc;
			sourceTree = "<group>";
		};
		A2438F35245243F50029C2C8 /* Controller */ = {
			isa = PBXGroup;
			children = (
				A2438F1F2452392A0029C2C8 /* MasterViewController.swift */,
				A2700C052452B53500DA41C7 /* ViewController+UIAlertController.swift */,
				A2438F212452392A0029C2C8 /* DetailViewController.swift */,
			);
			path = Controller;
			sourceTree = "<group>";
		};
		A2438F36245244000029C2C8 /* Model */ = {
			isa = PBXGroup;
			children = (
				A2438F37245244240029C2C8 /* CollectionView */,
				A2700BF72452697100DA41C7 /* Parser */,
				A2700BFE24528F8000DA41C7 /* Delegate */,
				A2982AC024525AC80077C8F7 /* Keyboard.swift */,
				A2700BF52452659100DA41C7 /* KeyboardRater.swift */,
				A2982AC224525B790077C8F7 /* Grid.swift */,
				A2700BFF24528F9500DA41C7 /* Annealed.swift */,
			);
			path = Model;
			sourceTree = "<group>";
		};
		A2438F37245244240029C2C8 /* CollectionView */ = {
			isa = PBXGroup;
			children = (
				A2438F38245244630029C2C8 /* KeyCollectionViewCell.swift */,
				A2438F3A2452453E0029C2C8 /* KeyboardCollectionViewLayout.swift */,
			);
			path = CollectionView;
			sourceTree = "<group>";
		};
		A2700BF72452697100DA41C7 /* Parser */ = {
			isa = PBXGroup;
			children = (
				A2700BF82452699300DA41C7 /* BigramParser.swift */,
				A2700BFA2452706900DA41C7 /* BigramFrequencies.swift */,
			);
			path = Parser;
			sourceTree = "<group>";
		};
		A2700BFE24528F8000DA41C7 /* Delegate */ = {
			isa = PBXGroup;
			children = (
				A2700C032452A59700DA41C7 /* AnnealedDelegate.swift */,
				A2700BFC24528E1E00DA41C7 /* KeyboardViewControllerDelegate.swift */,
			);
			path = Delegate;
			sourceTree = "<group>";
		};
/* End PBXGroup section */

/* Begin PBXNativeTarget section */
		A2438F172452392A0029C2C8 /* MetaKeyboard */ = {
			isa = PBXNativeTarget;
			buildConfigurationList = A2438F2E2452392B0029C2C8 /* Build configuration list for PBXNativeTarget "MetaKeyboard" */;
			buildPhases = (
				A2438F142452392A0029C2C8 /* Sources */,
				A2438F152452392A0029C2C8 /* Frameworks */,
				A2438F162452392A0029C2C8 /* Resources */,
			);
			buildRules = (
			);
			dependencies = (
			);
			name = MetaKeyboard;
			productName = MetaKeyboard;
			productReference = A2438F182452392A0029C2C8 /* MetaKeyboard.app */;
			productType = "com.apple.product-type.application";
		};
/* End PBXNativeTarget section */

/* Begin PBXProject section */
		A2438F102452392A0029C2C8 /* Project object */ = {
			isa = PBXProject;
			attributes = {
				LastSwiftUpdateCheck = 1140;
				LastUpgradeCheck = 1140;
				ORGANIZATIONNAME = "Ugo Cottin";
				TargetAttributes = {
					A2438F172452392A0029C2C8 = {
						CreatedOnToolsVersion = 11.4.1;
					};
				};
			};
			buildConfigurationList = A2438F132452392A0029C2C8 /* Build configuration list for PBXProject "MetaKeyboard" */;
			compatibilityVersion = "Xcode 9.3";
			developmentRegion = en;
			hasScannedForEncodings = 0;
			knownRegions = (
				en,
				Base,
			);
			mainGroup = A2438F0F2452392A0029C2C8;
			productRefGroup = A2438F192452392A0029C2C8 /* Products */;
			projectDirPath = "";
			projectRoot = "";
			targets = (
				A2438F172452392A0029C2C8 /* MetaKeyboard */,
			);
		};
/* End PBXProject section */

/* Begin PBXResourcesBuildPhase section */
		A2438F162452392A0029C2C8 /* Resources */ = {
			isa = PBXResourcesBuildPhase;
			buildActionMask = 2147483647;
			files = (
				A2438F2A2452392B0029C2C8 /* LaunchScreen.storyboard in Resources */,
				A2438F272452392B0029C2C8 /* Assets.xcassets in Resources */,
				A27F037D24579C7D000EA802 /* uml in Resources */,
				A2438F252452392A0029C2C8 /* Main.storyboard in Resources */,
			);
			runOnlyForDeploymentPostprocessing = 0;
		};
/* End PBXResourcesBuildPhase section */

/* Begin PBXSourcesBuildPhase section */
		A2438F142452392A0029C2C8 /* Sources */ = {
			isa = PBXSourcesBuildPhase;
			buildActionMask = 2147483647;
			files = (
				A2700BF92452699300DA41C7 /* BigramParser.swift in Sources */,
				A2700BF62452659100DA41C7 /* KeyboardRater.swift in Sources */,
				A2438F1C2452392A0029C2C8 /* AppDelegate.swift in Sources */,
				A2438F1E2452392A0029C2C8 /* SceneDelegate.swift in Sources */,
				A2982AC124525AC80077C8F7 /* Keyboard.swift in Sources */,
				A2982AC324525B790077C8F7 /* Grid.swift in Sources */,
				A2438F202452392A0029C2C8 /* MasterViewController.swift in Sources */,
				A2700BFB2452706900DA41C7 /* BigramFrequencies.swift in Sources */,
				A2438F3B2452453E0029C2C8 /* KeyboardCollectionViewLayout.swift in Sources */,
				A2438F39245244630029C2C8 /* KeyCollectionViewCell.swift in Sources */,
				A2700C062452B53500DA41C7 /* ViewController+UIAlertController.swift in Sources */,
				A2700BFD24528E1E00DA41C7 /* KeyboardViewControllerDelegate.swift in Sources */,
				A2438F222452392A0029C2C8 /* DetailViewController.swift in Sources */,
				A2700C042452A59700DA41C7 /* AnnealedDelegate.swift in Sources */,
				A2700C0024528F9500DA41C7 /* Annealed.swift in Sources */,
			);
			runOnlyForDeploymentPostprocessing = 0;
		};
/* End PBXSourcesBuildPhase section */

/* Begin PBXVariantGroup section */
		A2438F232452392A0029C2C8 /* Main.storyboard */ = {
			isa = PBXVariantGroup;
			children = (
				A2438F242452392A0029C2C8 /* Base */,
			);
			name = Main.storyboard;
			sourceTree = "<group>";
		};
		A2438F282452392B0029C2C8 /* LaunchScreen.storyboard */ = {
			isa = PBXVariantGroup;
			children = (
				A2438F292452392B0029C2C8 /* Base */,
			);
			name = LaunchScreen.storyboard;
			sourceTree = "<group>";
		};
/* End PBXVariantGroup section */

/* Begin XCBuildConfiguration section */
		A2438F2C2452392B0029C2C8 /* Debug */ = {
			isa = XCBuildConfiguration;
			buildSettings = {
				ALWAYS_SEARCH_USER_PATHS = NO;
				CLANG_ANALYZER_NONNULL = YES;
				CLANG_ANALYZER_NUMBER_OBJECT_CONVERSION = YES_AGGRESSIVE;
				CLANG_CXX_LANGUAGE_STANDARD = "gnu++14";
				CLANG_CXX_LIBRARY = "libc++";
				CLANG_ENABLE_MODULES = YES;
				CLANG_ENABLE_OBJC_ARC = YES;
				CLANG_ENABLE_OBJC_WEAK = YES;
				CLANG_WARN_BLOCK_CAPTURE_AUTORELEASING = YES;
				CLANG_WARN_BOOL_CONVERSION = YES;
				CLANG_WARN_COMMA = YES;
				CLANG_WARN_CONSTANT_CONVERSION = YES;
				CLANG_WARN_DEPRECATED_OBJC_IMPLEMENTATIONS = YES;
				CLANG_WARN_DIRECT_OBJC_ISA_USAGE = YES_ERROR;
				CLANG_WARN_DOCUMENTATION_COMMENTS = YES;
				CLANG_WARN_EMPTY_BODY = YES;
				CLANG_WARN_ENUM_CONVERSION = YES;
				CLANG_WARN_INFINITE_RECURSION = YES;
				CLANG_WARN_INT_CONVERSION = YES;
				CLANG_WARN_NON_LITERAL_NULL_CONVERSION = YES;
				CLANG_WARN_OBJC_IMPLICIT_RETAIN_SELF = YES;
				CLANG_WARN_OBJC_LITERAL_CONVERSION = YES;
				CLANG_WARN_OBJC_ROOT_CLASS = YES_ERROR;
				CLANG_WARN_RANGE_LOOP_ANALYSIS = YES;
				CLANG_WARN_STRICT_PROTOTYPES = YES;
				CLANG_WARN_SUSPICIOUS_MOVE = YES;
				CLANG_WARN_UNGUARDED_AVAILABILITY = YES_AGGRESSIVE;
				CLANG_WARN_UNREACHABLE_CODE = YES;
				CLANG_WARN__DUPLICATE_METHOD_MATCH = YES;
				COPY_PHASE_STRIP = NO;
				DEBUG_INFORMATION_FORMAT = dwarf;
				ENABLE_STRICT_OBJC_MSGSEND = YES;
				ENABLE_TESTABILITY = YES;
				GCC_C_LANGUAGE_STANDARD = gnu11;
				GCC_DYNAMIC_NO_PIC = NO;
				GCC_NO_COMMON_BLOCKS = YES;
				GCC_OPTIMIZATION_LEVEL = 0;
				GCC_PREPROCESSOR_DEFINITIONS = (
					"DEBUG=1",
					"$(inherited)",
				);
				GCC_WARN_64_TO_32_BIT_CONVERSION = YES;
				GCC_WARN_ABOUT_RETURN_TYPE = YES_ERROR;
				GCC_WARN_UNDECLARED_SELECTOR = YES;
				GCC_WARN_UNINITIALIZED_AUTOS = YES_AGGRESSIVE;
				GCC_WARN_UNUSED_FUNCTION = YES;
				GCC_WARN_UNUSED_VARIABLE = YES;
				IPHONEOS_DEPLOYMENT_TARGET = 9.0;
				MTL_ENABLE_DEBUG_INFO = INCLUDE_SOURCE;
				MTL_FAST_MATH = YES;
				ONLY_ACTIVE_ARCH = YES;
				SDKROOT = iphoneos;
				SWIFT_ACTIVE_COMPILATION_CONDITIONS = DEBUG;
				SWIFT_OPTIMIZATION_LEVEL = "-Onone";
				SWIFT_VERSION = 5.0;
			};
			name = Debug;
		};
		A2438F2D2452392B0029C2C8 /* Release */ = {
			isa = XCBuildConfiguration;
			buildSettings = {
				ALWAYS_SEARCH_USER_PATHS = NO;
				CLANG_ANALYZER_NONNULL = YES;
				CLANG_ANALYZER_NUMBER_OBJECT_CONVERSION = YES_AGGRESSIVE;
				CLANG_CXX_LANGUAGE_STANDARD = "gnu++14";
				CLANG_CXX_LIBRARY = "libc++";
				CLANG_ENABLE_MODULES = YES;
				CLANG_ENABLE_OBJC_ARC = YES;
				CLANG_ENABLE_OBJC_WEAK = YES;
				CLANG_WARN_BLOCK_CAPTURE_AUTORELEASING = YES;
				CLANG_WARN_BOOL_CONVERSION = YES;
				CLANG_WARN_COMMA = YES;
				CLANG_WARN_CONSTANT_CONVERSION = YES;
				CLANG_WARN_DEPRECATED_OBJC_IMPLEMENTATIONS = YES;
				CLANG_WARN_DIRECT_OBJC_ISA_USAGE = YES_ERROR;
				CLANG_WARN_DOCUMENTATION_COMMENTS = YES;
				CLANG_WARN_EMPTY_BODY = YES;
				CLANG_WARN_ENUM_CONVERSION = YES;
				CLANG_WARN_INFINITE_RECURSION = YES;
				CLANG_WARN_INT_CONVERSION = YES;
				CLANG_WARN_NON_LITERAL_NULL_CONVERSION = YES;
				CLANG_WARN_OBJC_IMPLICIT_RETAIN_SELF = YES;
				CLANG_WARN_OBJC_LITERAL_CONVERSION = YES;
				CLANG_WARN_OBJC_ROOT_CLASS = YES_ERROR;
				CLANG_WARN_RANGE_LOOP_ANALYSIS = YES;
				CLANG_WARN_STRICT_PROTOTYPES = YES;
				CLANG_WARN_SUSPICIOUS_MOVE = YES;
				CLANG_WARN_UNGUARDED_AVAILABILITY = YES_AGGRESSIVE;
				CLANG_WARN_UNREACHABLE_CODE = YES;
				CLANG_WARN__DUPLICATE_METHOD_MATCH = YES;
				COPY_PHASE_STRIP = NO;
				DEBUG_INFORMATION_FORMAT = "dwarf-with-dsym";
				ENABLE_NS_ASSERTIONS = NO;
				ENABLE_STRICT_OBJC_MSGSEND = YES;
				GCC_C_LANGUAGE_STANDARD = gnu11;
				GCC_NO_COMMON_BLOCKS = YES;
				GCC_WARN_64_TO_32_BIT_CONVERSION = YES;
				GCC_WARN_ABOUT_RETURN_TYPE = YES_ERROR;
				GCC_WARN_UNDECLARED_SELECTOR = YES;
				GCC_WARN_UNINITIALIZED_AUTOS = YES_AGGRESSIVE;
				GCC_WARN_UNUSED_FUNCTION = YES;
				GCC_WARN_UNUSED_VARIABLE = YES;
				IPHONEOS_DEPLOYMENT_TARGET = 9.0;
				MTL_ENABLE_DEBUG_INFO = NO;
				MTL_FAST_MATH = YES;
				SDKROOT = iphoneos;
				SWIFT_COMPILATION_MODE = wholemodule;
				SWIFT_OPTIMIZATION_LEVEL = "-O";
				SWIFT_VERSION = 5.0;
				VALIDATE_PRODUCT = YES;
			};
			name = Release;
		};
		A2438F2F2452392B0029C2C8 /* Debug */ = {
			isa = XCBuildConfiguration;
			buildSettings = {
				ASSETCATALOG_COMPILER_APPICON_NAME = AppIcon;
				CODE_SIGN_ENTITLEMENTS = MetaKeyboard/MetaKeyboard.entitlements;
				CODE_SIGN_STYLE = Automatic;
				DEVELOPMENT_TEAM = R72YBJYJW5;
				"ENABLE_HARDENED_RUNTIME[sdk=macosx*]" = NO;
				INFOPLIST_FILE = MetaKeyboard/Info.plist;
				IPHONEOS_DEPLOYMENT_TARGET = 9.0;
				LD_RUNPATH_SEARCH_PATHS = (
					"$(inherited)",
					"@executable_path/Frameworks",
				);
				PRODUCT_BUNDLE_IDENTIFIER = fr.ugocottin.MetaKeyboard;
				PRODUCT_NAME = "$(TARGET_NAME)";
				SUPPORTS_MACCATALYST = YES;
				SWIFT_VERSION = 5.0;
				TARGETED_DEVICE_FAMILY = "1,2";
			};
			name = Debug;
		};
		A2438F302452392B0029C2C8 /* Release */ = {
			isa = XCBuildConfiguration;
			buildSettings = {
				ASSETCATALOG_COMPILER_APPICON_NAME = AppIcon;
				CODE_SIGN_ENTITLEMENTS = MetaKeyboard/MetaKeyboard.entitlements;
				CODE_SIGN_STYLE = Automatic;
				DEVELOPMENT_TEAM = R72YBJYJW5;
				"ENABLE_HARDENED_RUNTIME[sdk=macosx*]" = NO;
				INFOPLIST_FILE = MetaKeyboard/Info.plist;
				IPHONEOS_DEPLOYMENT_TARGET = 9.0;
				LD_RUNPATH_SEARCH_PATHS = (
					"$(inherited)",
					"@executable_path/Frameworks",
				);
				PRODUCT_BUNDLE_IDENTIFIER = fr.ugocottin.MetaKeyboard;
				PRODUCT_NAME = "$(TARGET_NAME)";
				SUPPORTS_MACCATALYST = YES;
				SWIFT_VERSION = 5.0;
				TARGETED_DEVICE_FAMILY = "1,2";
			};
			name = Release;
		};
/* End XCBuildConfiguration section */

/* Begin XCConfigurationList section */
		A2438F132452392A0029C2C8 /* Build configuration list for PBXProject "MetaKeyboard" */ = {
			isa = XCConfigurationList;
			buildConfigurations = (
				A2438F2C2452392B0029C2C8 /* Debug */,
				A2438F2D2452392B0029C2C8 /* Release */,
			);
			defaultConfigurationIsVisible = 0;
			defaultConfigurationName = Release;
		};
		A2438F2E2452392B0029C2C8 /* Build configuration list for PBXNativeTarget "MetaKeyboard" */ = {
			isa = XCConfigurationList;
			buildConfigurations = (
				A2438F2F2452392B0029C2C8 /* Debug */,
				A2438F302452392B0029C2C8 /* Release */,
			);
			defaultConfigurationIsVisible = 0;
			defaultConfigurationName = Release;
		};
/* End XCConfigurationList section */
	};
	rootObject = A2438F102452392A0029C2C8 /* Project object */;
}
